github.com/codemodify/systemkit-callstack v1.0.2 h1:IEqhyJVlU4l3TpRAs6gETM2cUCY0GZteWKc78qxjFNo=
github.com/codemodify/systemkit-callstack v1.0.2/go.mod h1:tL2pYKPdNPOIwmZH9ZfR035fRfT5vObZn0Qd7gYryY4=
github.com/petermattis/goid v0.0.0-20180202154549-b0b1615b78e5 h1:q2e307iGHPdTGp0hoxKjt1H5pDo6utceo3dQVK3I5XQ=
github.com/petermattis/goid v0.0.0-20180202154549-b0b1615b78e5/go.mod h1:jvVRKCrJTQWu0XVbaOlby/2lO20uSCHEMzzplHXte1o=
