github.com/codemodify/systemkit-callstack v1.9.3 h1:fmC19t+JeH0Dp/uqtbNtJmEH2rtFDsNupjDn3B/kZ/k=
github.com/codemodify/systemkit-callstack v1.9.3/go.mod h1:eXC+7dYT497fYP0xb/Wt/BcpTooH3j/rFTYmBDfnF2I=
github.com/petermattis/goid v0.0.0-20180202154549-b0b1615b78e5 h1:q2e307iGHPdTGp0hoxKjt1H5pDo6utceo3dQVK3I5XQ=
github.com/petermattis/goid v0.0.0-20180202154549-b0b1615b78e5/go.mod h1:jvVRKCrJTQWu0XVbaOlby/2lO20uSCHEMzzplHXte1o=
